# THIS IS AN AUTOGENERATED FILE. DO NOT EDIT THIS FILE DIRECTLY.
# yarn lockfile v1


"@next/env@12.2.5":
  version "12.2.5"
  resolved "https://registry.npmjs.org/@next/env/-/env-12.2.5.tgz"
  integrity sha512-vLPLV3cpPGjUPT3PjgRj7e3nio9t6USkuew3JE/jMeon/9Mvp1WyR18v3iwnCuX7eUAm1HmAbJHHLAbcu/EJcw==

"@next/swc-android-arm-eabi@12.2.5":
  version "12.2.5"
  resolved "https://registry.yarnpkg.com/@next/swc-android-arm-eabi/-/swc-android-arm-eabi-12.2.5.tgz#903a5479ab4c2705d9c08d080907475f7bacf94d"
  integrity sha512-cPWClKxGhgn2dLWnspW+7psl3MoLQUcNqJqOHk2BhNcou9ARDtC0IjQkKe5qcn9qg7I7U83Gp1yh2aesZfZJMA==

"@next/swc-android-arm64@12.2.5":
  version "12.2.5"
  resolved "https://registry.yarnpkg.com/@next/swc-android-arm64/-/swc-android-arm64-12.2.5.tgz#2f9a98ec4166c7860510963b31bda1f57a77c792"
  integrity sha512-vMj0efliXmC5b7p+wfcQCX0AfU8IypjkzT64GiKJD9PgiA3IILNiGJr1fw2lyUDHkjeWx/5HMlMEpLnTsQslwg==

"@next/swc-darwin-arm64@12.2.5":
  version "12.2.5"
  resolved "https://registry.yarnpkg.com/@next/swc-darwin-arm64/-/swc-darwin-arm64-12.2.5.tgz#31b1c3c659d54be546120c488a1e1bad21c24a1d"
  integrity sha512-VOPWbO5EFr6snla/WcxUKtvzGVShfs302TEMOtzYyWni6f9zuOetijJvVh9CCTzInnXAZMtHyNhefijA4HMYLg==

"@next/swc-darwin-x64@12.2.5":
  version "12.2.5"
  resolved "https://registry.yarnpkg.com/@next/swc-darwin-x64/-/swc-darwin-x64-12.2.5.tgz#2e44dd82b2b7fef88238d1bc4d3bead5884cedfd"
  integrity sha512-5o8bTCgAmtYOgauO/Xd27vW52G2/m3i5PX7MUYePquxXAnX73AAtqA3WgPXBRitEB60plSKZgOTkcpqrsh546A==

"@next/swc-freebsd-x64@12.2.5":
  version "12.2.5"
  resolved "https://registry.yarnpkg.com/@next/swc-freebsd-x64/-/swc-freebsd-x64-12.2.5.tgz#e24e75d8c2581bfebc75e4f08f6ddbd116ce9dbd"
  integrity sha512-yYUbyup1JnznMtEBRkK4LT56N0lfK5qNTzr6/DEyDw5TbFVwnuy2hhLBzwCBkScFVjpFdfiC6SQAX3FrAZzuuw==

"@next/swc-linux-arm-gnueabihf@12.2.5":
  version "12.2.5"
  resolved "https://registry.yarnpkg.com/@next/swc-linux-arm-gnueabihf/-/swc-linux-arm-gnueabihf-12.2.5.tgz#46d8c514d834d2b5f67086013f0bd5e3081e10b9"
  integrity sha512-2ZE2/G921Acks7UopJZVMgKLdm4vN4U0yuzvAMJ6KBavPzqESA2yHJlm85TV/K9gIjKhSk5BVtauIUntFRP8cg==

"@next/swc-linux-arm64-gnu@12.2.5":
  version "12.2.5"
  resolved "https://registry.yarnpkg.com/@next/swc-linux-arm64-gnu/-/swc-linux-arm64-gnu-12.2.5.tgz#91f725ac217d3a1f4f9f53b553615ba582fd3d9f"
  integrity sha512-/I6+PWVlz2wkTdWqhlSYYJ1pWWgUVva6SgX353oqTh8njNQp1SdFQuWDqk8LnM6ulheVfSsgkDzxrDaAQZnzjQ==

"@next/swc-linux-arm64-musl@12.2.5":
  version "12.2.5"
  resolved "https://registry.yarnpkg.com/@next/swc-linux-arm64-musl/-/swc-linux-arm64-musl-12.2.5.tgz#e627e8c867920995810250303cd9b8e963598383"
  integrity sha512-LPQRelfX6asXyVr59p5sTpx5l+0yh2Vjp/R8Wi4X9pnqcayqT4CUJLiHqCvZuLin3IsFdisJL0rKHMoaZLRfmg==

"@next/swc-linux-x64-gnu@12.2.5":
  version "12.2.5"
  resolved "https://registry.npmjs.org/@next/swc-linux-x64-gnu/-/swc-linux-x64-gnu-12.2.5.tgz"
  integrity sha512-0szyAo8jMCClkjNK0hknjhmAngUppoRekW6OAezbEYwHXN/VNtsXbfzgYOqjKWxEx3OoAzrT3jLwAF0HdX2MEw==

"@next/swc-linux-x64-musl@12.2.5":
  version "12.2.5"
  resolved "https://registry.npmjs.org/@next/swc-linux-x64-musl/-/swc-linux-x64-musl-12.2.5.tgz"
  integrity sha512-zg/Y6oBar1yVnW6Il1I/08/2ukWtOG6s3acdJdEyIdsCzyQi4RLxbbhkD/EGQyhqBvd3QrC6ZXQEXighQUAZ0g==

"@next/swc-win32-arm64-msvc@12.2.5":
  version "12.2.5"
  resolved "https://registry.yarnpkg.com/@next/swc-win32-arm64-msvc/-/swc-win32-arm64-msvc-12.2.5.tgz#a93e958133ad3310373fda33a79aa10af2a0aa97"
  integrity sha512-3/90DRNSqeeSRMMEhj4gHHQlLhhKg5SCCoYfE3kBjGpE63EfnblYUqsszGGZ9ekpKL/R4/SGB40iCQr8tR5Jiw==

"@next/swc-win32-ia32-msvc@12.2.5":
  version "12.2.5"
  resolved "https://registry.yarnpkg.com/@next/swc-win32-ia32-msvc/-/swc-win32-ia32-msvc-12.2.5.tgz#4f5f7ba0a98ff89a883625d4af0125baed8b2e19"
  integrity sha512-hGLc0ZRAwnaPL4ulwpp4D2RxmkHQLuI8CFOEEHdzZpS63/hMVzv81g8jzYA0UXbb9pus/iTc3VRbVbAM03SRrw==

"@next/swc-win32-x64-msvc@12.2.5":
  version "12.2.5"
  resolved "https://registry.yarnpkg.com/@next/swc-win32-x64-msvc/-/swc-win32-x64-msvc-12.2.5.tgz#20fed129b04a0d3f632c6d0de135345bb623b1e4"
  integrity sha512-7h5/ahY7NeaO2xygqVrSG/Y8Vs4cdjxIjowTZ5W6CKoTKn7tmnuxlUc2h74x06FKmbhAd9agOjr/AOKyxYYm9Q==

"@socket.io/component-emitter@~3.1.0":
  version "3.1.0"
  resolved "https://registry.yarnpkg.com/@socket.io/component-emitter/-/component-emitter-3.1.0.tgz#96116f2a912e0c02817345b3c10751069920d553"
  integrity sha512-+9jVqKhRSpsc591z5vX+X5Yyw+he/HCB4iQ/RYxw35CEPaY1gnsNE43nf9n9AaYjAQrTiI/mOwKUKdUs9vf7Xg==

"@swc/helpers@0.4.3":
  version "0.4.3"
  resolved "https://registry.npmjs.org/@swc/helpers/-/helpers-0.4.3.tgz"
  integrity sha512-6JrF+fdUK2zbGpJIlN7G3v966PQjyx/dPt1T9km2wj+EUBqgrxCk3uX4Kct16MIm9gGxfKRcfax2hVf5jvlTzA==
  dependencies:
    tslib "^2.4.0"

"@types/node@18.7.6":
  version "18.7.6"
  resolved "https://registry.npmjs.org/@types/node/-/node-18.7.6.tgz"
  integrity sha512-EdxgKRXgYsNITy5mjjXjVE/CS8YENSdhiagGrLqjG0pvA2owgJ6i4l7wy/PFZGC0B1/H20lWKN7ONVDNYDZm7A==

"@types/prop-types@*":
  version "15.7.5"
  resolved "https://registry.npmjs.org/@types/prop-types/-/prop-types-15.7.5.tgz"
  integrity sha512-JCB8C6SnDoQf0cNycqd/35A7MjcnK+ZTqE7judS6o7utxUCg6imJg3QK2qzHKszlTjcj2cn+NwMB2i96ubpj7w==

"@types/react-dom@18.0.6":
  version "18.0.6"
  resolved "https://registry.npmjs.org/@types/react-dom/-/react-dom-18.0.6.tgz"
  integrity sha512-/5OFZgfIPSwy+YuIBP/FgJnQnsxhZhjjrnxudMddeblOouIodEQ75X14Rr4wGSG/bknL+Omy9iWlLo1u/9GzAA==
  dependencies:
    "@types/react" "*"

"@types/react@*", "@types/react@18.0.17":
  version "18.0.17"
  resolved "https://registry.npmjs.org/@types/react/-/react-18.0.17.tgz"
  integrity sha512-38ETy4tL+rn4uQQi7mB81G7V1g0u2ryquNmsVIOKUAEIDK+3CUjZ6rSRpdvS99dNBnkLFL83qfmtLacGOTIhwQ==
  dependencies:
    "@types/prop-types" "*"
    "@types/scheduler" "*"
    csstype "^3.0.2"

"@types/scheduler@*":
  version "0.16.2"
  resolved "https://registry.npmjs.org/@types/scheduler/-/scheduler-0.16.2.tgz"
  integrity sha512-hppQEBDmlwhFAXKJX2KnWLYu5yMfi91yazPb2l+lbJiwW+wdo1gNeRA+3RgNSO39WYX2euey41KEwnqesU2Jew==

caniuse-lite@^1.0.30001332:
  version "1.0.30001378"
  resolved "https://registry.npmjs.org/caniuse-lite/-/caniuse-lite-1.0.30001378.tgz"
  integrity sha512-JVQnfoO7FK7WvU4ZkBRbPjaot4+YqxogSDosHv0Hv5mWpUESmN+UubMU6L/hGz8QlQ2aY5U0vR6MOs6j/CXpNA==

csstype@^3.0.2:
  version "3.1.0"
  resolved "https://registry.npmjs.org/csstype/-/csstype-3.1.0.tgz"
  integrity sha512-uX1KG+x9h5hIJsaKR9xHUeUraxf8IODOwq9JLNPq6BwB04a/xgpq3rcx47l5BZu5zBPlgD342tdke3Hom/nJRA==

debug@~4.3.1, debug@~4.3.2:
  version "4.3.4"
  resolved "https://registry.yarnpkg.com/debug/-/debug-4.3.4.tgz#1319f6579357f2338d3337d2cdd4914bb5dcc865"
  integrity sha512-PRWFHuSU3eDtQJPvnNY7Jcket1j0t5OuOsFzPPzsekD52Zl8qUfFIPEiswXqIvHWGVHOgX+7G/vCNNhehwxfkQ==
  dependencies:
    ms "2.1.2"

engine.io-client@~6.2.1:
  version "6.2.2"
  resolved "https://registry.yarnpkg.com/engine.io-client/-/engine.io-client-6.2.2.tgz#c6c5243167f5943dcd9c4abee1bfc634aa2cbdd0"
  integrity sha512-8ZQmx0LQGRTYkHuogVZuGSpDqYZtCM/nv8zQ68VZ+JkOpazJ7ICdsSpaO6iXwvaU30oFg5QJOJWj8zWqhbKjkQ==
  dependencies:
    "@socket.io/component-emitter" "~3.1.0"
    debug "~4.3.1"
    engine.io-parser "~5.0.3"
    ws "~8.2.3"
    xmlhttprequest-ssl "~2.0.0"

engine.io-parser@~5.0.3:
  version "5.0.4"
  resolved "https://registry.yarnpkg.com/engine.io-parser/-/engine.io-parser-5.0.4.tgz#0b13f704fa9271b3ec4f33112410d8f3f41d0fc0"
  integrity sha512-+nVFp+5z1E3HcToEnO7ZIj3g+3k9389DvWtvJZz0T6/eOCPIyyxehFcedoYrZQrp0LgQbD9pPXhpMBKMd5QURg==

"js-tokens@^3.0.0 || ^4.0.0":
  version "4.0.0"
  resolved "https://registry.npmjs.org/js-tokens/-/js-tokens-4.0.0.tgz"
  integrity sha512-RdJUflcE3cUzKiMqQgsCu06FPu9UdIJO0beYbPhHN4k6apgJtifcoCtT9bcxOpYBtpD2kCM6Sbzg4CausW/PKQ==

loose-envify@^1.1.0:
  version "1.4.0"
  resolved "https://registry.npmjs.org/loose-envify/-/loose-envify-1.4.0.tgz"
  integrity sha512-lyuxPGr/Wfhrlem2CL/UcnUc1zcqKAImBDzukY7Y5F/yQiNdko6+fRLevlw1HgMySw7f611UIY408EtxRSoK3Q==
  dependencies:
    js-tokens "^3.0.0 || ^4.0.0"

ms@2.1.2:
  version "2.1.2"
  resolved "https://registry.yarnpkg.com/ms/-/ms-2.1.2.tgz#d09d1f357b443f493382a8eb3ccd183872ae6009"
  integrity sha512-sGkPx+VjMtmA6MX27oA4FBFELFCZZ4S4XqeGOXCv68tT+jb3vk/RyaKWP0PTKyWtmLSM0b+adUTEvbs1PEaH2w==

nanoid@^3.3.4:
  version "3.3.4"
  resolved "https://registry.npmjs.org/nanoid/-/nanoid-3.3.4.tgz"
  integrity sha512-MqBkQh/OHTS2egovRtLk45wEyNXwF+cokD+1YPf9u5VfJiRdAiRwB2froX5Co9Rh20xs4siNPm8naNotSD6RBw==

next@12.2.5:
  version "12.2.5"
  resolved "https://registry.npmjs.org/next/-/next-12.2.5.tgz"
  integrity sha512-tBdjqX5XC/oFs/6gxrZhjmiq90YWizUYU6qOWAfat7zJwrwapJ+BYgX2PmiacunXMaRpeVT4vz5MSPSLgNkrpA==
  dependencies:
    "@next/env" "12.2.5"
    "@swc/helpers" "0.4.3"
    caniuse-lite "^1.0.30001332"
    postcss "8.4.14"
    styled-jsx "5.0.4"
    use-sync-external-store "1.2.0"
  optionalDependencies:
    "@next/swc-android-arm-eabi" "12.2.5"
    "@next/swc-android-arm64" "12.2.5"
    "@next/swc-darwin-arm64" "12.2.5"
    "@next/swc-darwin-x64" "12.2.5"
    "@next/swc-freebsd-x64" "12.2.5"
    "@next/swc-linux-arm-gnueabihf" "12.2.5"
    "@next/swc-linux-arm64-gnu" "12.2.5"
    "@next/swc-linux-arm64-musl" "12.2.5"
    "@next/swc-linux-x64-gnu" "12.2.5"
    "@next/swc-linux-x64-musl" "12.2.5"
    "@next/swc-win32-arm64-msvc" "12.2.5"
    "@next/swc-win32-ia32-msvc" "12.2.5"
    "@next/swc-win32-x64-msvc" "12.2.5"

picocolors@^1.0.0:
  version "1.0.0"
  resolved "https://registry.npmjs.org/picocolors/-/picocolors-1.0.0.tgz"
  integrity sha512-1fygroTLlHu66zi26VoTDv8yRgm0Fccecssto+MhsZ0D/DGW2sm8E8AjW7NU5VVTRt5GxbeZ5qBuJr+HyLYkjQ==

postcss@8.4.14:
  version "8.4.14"
  resolved "https://registry.npmjs.org/postcss/-/postcss-8.4.14.tgz"
  integrity sha512-E398TUmfAYFPBSdzgeieK2Y1+1cpdxJx8yXbK/m57nRhKSmk1GB2tO4lbLBtlkfPQTDKfe4Xqv1ASWPpayPEig==
  dependencies:
    nanoid "^3.3.4"
    picocolors "^1.0.0"
    source-map-js "^1.0.2"

react-dom@18.2.0:
  version "18.2.0"
  resolved "https://registry.npmjs.org/react-dom/-/react-dom-18.2.0.tgz"
  integrity sha512-6IMTriUmvsjHUjNtEDudZfuDQUoWXVxKHhlEGSk81n4YFS+r/Kl99wXiwlVXtPBtJenozv2P+hxDsw9eA7Xo6g==
  dependencies:
    loose-envify "^1.1.0"
    scheduler "^0.23.0"

react@18.2.0:
  version "18.2.0"
  resolved "https://registry.npmjs.org/react/-/react-18.2.0.tgz"
  integrity sha512-/3IjMdb2L9QbBdWiW5e3P2/npwMBaU9mHCSCUzNln0ZCYbcfTsGbTJrU/kGemdH2IWmB2ioZ+zkxtmq6g09fGQ==
  dependencies:
    loose-envify "^1.1.0"

scheduler@^0.23.0:
  version "0.23.0"
  resolved "https://registry.npmjs.org/scheduler/-/scheduler-0.23.0.tgz"
  integrity sha512-CtuThmgHNg7zIZWAXi3AsyIzA3n4xx7aNyjwC2VJldO2LMVDhFK+63xGqq6CsJH4rTAt6/M+N4GhZiDYPx9eUw==
  dependencies:
    loose-envify "^1.1.0"

socket.io-client@^4.5.1:
  version "4.5.1"
  resolved "https://registry.yarnpkg.com/socket.io-client/-/socket.io-client-4.5.1.tgz#cab8da71976a300d3090414e28c2203a47884d84"
  integrity sha512-e6nLVgiRYatS+AHXnOnGi4ocOpubvOUCGhyWw8v+/FxW8saHkinG6Dfhi9TU0Kt/8mwJIAASxvw6eujQmjdZVA==
  dependencies:
    "@socket.io/component-emitter" "~3.1.0"
    debug "~4.3.2"
    engine.io-client "~6.2.1"
    socket.io-parser "~4.2.0"

socket.io-parser@~4.2.0:
  version "4.2.1"
  resolved "https://registry.yarnpkg.com/socket.io-parser/-/socket.io-parser-4.2.1.tgz#01c96efa11ded938dcb21cbe590c26af5eff65e5"
  integrity sha512-V4GrkLy+HeF1F/en3SpUaM+7XxYXpuMUWLGde1kSSh5nQMN4hLrbPIkD+otwh6q9R6NOQBN4AMaOZ2zVjui82g==
  dependencies:
    "@socket.io/component-emitter" "~3.1.0"
    debug "~4.3.1"

source-map-js@^1.0.2:
  version "1.0.2"
  resolved "https://registry.npmjs.org/source-map-js/-/source-map-js-1.0.2.tgz"
  integrity sha512-R0XvVJ9WusLiqTCEiGCmICCMplcCkIwwR11mOSD9CR5u+IXYdiseeEuXCVAjS54zqwkLcPNnmU4OeJ6tUrWhDw==

styled-jsx@5.0.4:
  version "5.0.4"
  resolved "https://registry.npmjs.org/styled-jsx/-/styled-jsx-5.0.4.tgz"
  integrity sha512-sDFWLbg4zR+UkNzfk5lPilyIgtpddfxXEULxhujorr5jtePTUqiPDc5BC0v1NRqTr/WaFBGQQUoYToGlF4B2KQ==

tslib@^2.4.0:
  version "2.4.0"
  resolved "https://registry.npmjs.org/tslib/-/tslib-2.4.0.tgz"
  integrity sha512-d6xOpEDfsi2CZVlPQzGeux8XMwLT9hssAsaPYExaQMuYskwb+x1x7J371tWlbBdWHroy99KnVB6qIkUbs5X3UQ==

typescript@4.7.4:
  version "4.7.4"
  resolved "https://registry.npmjs.org/typescript/-/typescript-4.7.4.tgz"
  integrity sha512-C0WQT0gezHuw6AdY1M2jxUO83Rjf0HP7Sk1DtXj6j1EwkQNZrHAg2XPWlq62oqEhYvONq5pkC2Y9oPljWToLmQ==

use-sync-external-store@1.2.0:
  version "1.2.0"
  resolved "https://registry.npmjs.org/use-sync-external-store/-/use-sync-external-store-1.2.0.tgz"
  integrity sha512-eEgnFxGQ1Ife9bzYs6VLi8/4X6CObHMw9Qr9tPY43iKwsPw8xE8+EFsf/2cFZ5S3esXgpWgtSCtLNS41F+sKPA==

ws@~8.2.3:
  version "8.2.3"
  resolved "https://registry.yarnpkg.com/ws/-/ws-8.2.3.tgz#63a56456db1b04367d0b721a0b80cae6d8becbba"
  integrity sha512-wBuoj1BDpC6ZQ1B7DWQBYVLphPWkm8i9Y0/3YdHjHKHiohOJ1ws+3OccDWtH+PoC9DZD5WOTrJvNbWvjS6JWaA==

xmlhttprequest-ssl@~2.0.0:
  version "2.0.0"
  resolved "https://registry.yarnpkg.com/xmlhttprequest-ssl/-/xmlhttprequest-ssl-2.0.0.tgz#91360c86b914e67f44dce769180027c0da618c67"
  integrity sha512-QKxVRxiRACQcVuQEYFsI1hhkrMlrXHPegbbd1yn9UHOmRxY+si12nQYzri3vbzt8VdTTRviqcKxcyllFas5z2A==
